// !$*UTF8*$!
{
	archiveVersion = 1;
	classes = {
	};
	objectVersion = 51;
	objects = {

/* Begin PBXBuildFile section */
		96342470256A5399009AE1BA /* AppDelegate.swift in Sources */ = {isa = PBXBuildFile; fileRef = 9634246F256A5399009AE1BA /* AppDelegate.swift */; };
		96342472256A5399009AE1BA /* SceneDelegate.swift in Sources */ = {isa = PBXBuildFile; fileRef = 96342471256A5399009AE1BA /* SceneDelegate.swift */; };
		96342474256A5399009AE1BA /* ViewController.swift in Sources */ = {isa = PBXBuildFile; fileRef = 96342473256A5399009AE1BA /* ViewController.swift */; };
		96342477256A5399009AE1BA /* Main.storyboard in Resources */ = {isa = PBXBuildFile; fileRef = 96342475256A5399009AE1BA /* Main.storyboard */; };
		96342479256A539A009AE1BA /* Assets.xcassets in Resources */ = {isa = PBXBuildFile; fileRef = 96342478256A539A009AE1BA /* Assets.xcassets */; };
		9634247C256A539A009AE1BA /* LaunchScreen.storyboard in Resources */ = {isa = PBXBuildFile; fileRef = 9634247A256A539A009AE1BA /* LaunchScreen.storyboard */; };
		C992B1F791FEF3AEDC0D79FD /* Pods_DudeWheresMyKeys.framework in Frameworks */ = {isa = PBXBuildFile; fileRef = ACE21BD376DF3783AC7076C6 /* Pods_DudeWheresMyKeys.framework */; };
/* End PBXBuildFile section */

/* Begin PBXFileReference section */
		32DCF5CB456E977FF90E44B8 /* Pods-DudeWheresMyKeys.debug.xcconfig */ = {isa = PBXFileReference; includeInIndex = 1; lastKnownFileType = text.xcconfig; name = "Pods-DudeWheresMyKeys.debug.xcconfig"; path = "Target Support Files/Pods-DudeWheresMyKeys/Pods-DudeWheresMyKeys.debug.xcconfig"; sourceTree = "<group>"; };
		9634246C256A5399009AE1BA /* DudeWheresMyKeys.app */ = {isa = PBXFileReference; explicitFileType = wrapper.application; includeInIndex = 0; path = DudeWheresMyKeys.app; sourceTree = BUILT_PRODUCTS_DIR; };
		9634246F256A5399009AE1BA /* AppDelegate.swift */ = {isa = PBXFileReference; lastKnownFileType = sourcecode.swift; path = AppDelegate.swift; sourceTree = "<group>"; };
		96342471256A5399009AE1BA /* SceneDelegate.swift */ = {isa = PBXFileReference; lastKnownFileType = sourcecode.swift; path = SceneDelegate.swift; sourceTree = "<group>"; };
		96342473256A5399009AE1BA /* ViewController.swift */ = {isa = PBXFileReference; lastKnownFileType = sourcecode.swift; path = ViewController.swift; sourceTree = "<group>"; };
		96342476256A5399009AE1BA /* Base */ = {isa = PBXFileReference; lastKnownFileType = file.storyboard; name = Base; path = Base.lproj/Main.storyboard; sourceTree = "<group>"; };
		96342478256A539A009AE1BA /* Assets.xcassets */ = {isa = PBXFileReference; lastKnownFileType = folder.assetcatalog; path = Assets.xcassets; sourceTree = "<group>"; };
		9634247B256A539A009AE1BA /* Base */ = {isa = PBXFileReference; lastKnownFileType = file.storyboard; name = Base; path = Base.lproj/LaunchScreen.storyboard; sourceTree = "<group>"; };
		9634247D256A539A009AE1BA /* Info.plist */ = {isa = PBXFileReference; lastKnownFileType = text.plist.xml; path = Info.plist; sourceTree = "<group>"; };
		ACE21BD376DF3783AC7076C6 /* Pods_DudeWheresMyKeys.framework */ = {isa = PBXFileReference; explicitFileType = wrapper.framework; includeInIndex = 0; path = Pods_DudeWheresMyKeys.framework; sourceTree = BUILT_PRODUCTS_DIR; };
		DC489E3C9C2D01AD84DBC863 /* Pods-DudeWheresMyKeys.release.xcconfig */ = {isa = PBXFileReference; includeInIndex = 1; lastKnownFileType = text.xcconfig; name = "Pods-DudeWheresMyKeys.release.xcconfig"; path = "Target Support Files/Pods-DudeWheresMyKeys/Pods-DudeWheresMyKeys.release.xcconfig"; sourceTree = "<group>"; };
/* End PBXFileReference section */

/* Begin PBXFrameworksBuildPhase section */
		96342469256A5399009AE1BA /* Frameworks */ = {
			isa = PBXFrameworksBuildPhase;
			buildActionMask = 2147483647;
			files = (
				C992B1F791FEF3AEDC0D79FD /* Pods_DudeWheresMyKeys.framework in Frameworks */,
			);
			runOnlyForDeploymentPostprocessing = 0;
		};
/* End PBXFrameworksBuildPhase section */

/* Begin PBXGroup section */
		0F868B65530B5CEFEA150B03 /* Pods */ = {
			isa = PBXGroup;
			children = (
				32DCF5CB456E977FF90E44B8 /* Pods-DudeWheresMyKeys.debug.xcconfig */,
				DC489E3C9C2D01AD84DBC863 /* Pods-DudeWheresMyKeys.release.xcconfig */,
			);
			path = Pods;
			sourceTree = "<group>";
		};
		96342463256A5399009AE1BA = {
			isa = PBXGroup;
			children = (
				9634246E256A5399009AE1BA /* DudeWheresMyKeys */,
				9634246D256A5399009AE1BA /* Products */,
				0F868B65530B5CEFEA150B03 /* Pods */,
				FA0D418CD583A364D6365B51 /* Frameworks */,
			);
			sourceTree = "<group>";
		};
		9634246D256A5399009AE1BA /* Products */ = {
			isa = PBXGroup;
			children = (
				9634246C256A5399009AE1BA /* DudeWheresMyKeys.app */,
			);
			name = Products;
			sourceTree = "<group>";
		};
		9634246E256A5399009AE1BA /* DudeWheresMyKeys */ = {
			isa = PBXGroup;
			children = (
				9634246F256A5399009AE1BA /* AppDelegate.swift */,
				96342471256A5399009AE1BA /* SceneDelegate.swift */,
				96342473256A5399009AE1BA /* ViewController.swift */,
				96342475256A5399009AE1BA /* Main.storyboard */,
				96342478256A539A009AE1BA /* Assets.xcassets */,
				9634247A256A539A009AE1BA /* LaunchScreen.storyboard */,
				9634247D256A539A009AE1BA /* Info.plist */,
			);
			path = DudeWheresMyKeys;
			sourceTree = "<group>";
		};
		FA0D418CD583A364D6365B51 /* Frameworks */ = {
			isa = PBXGroup;
			children = (
				ACE21BD376DF3783AC7076C6 /* Pods_DudeWheresMyKeys.framework */,
			);
			name = Frameworks;
			sourceTree = "<group>";
		};
/* End PBXGroup section */

/* Begin PBXNativeTarget section */
		9634246B256A5399009AE1BA /* DudeWheresMyKeys */ = {
			isa = PBXNativeTarget;
			buildConfigurationList = 96342480256A539A009AE1BA /* Build configuration list for PBXNativeTarget "DudeWheresMyKeys" */;
			buildPhases = (
				25AFB1301751920A7BE3FFF9 /* [CP] Check Pods Manifest.lock */,
				96342468256A5399009AE1BA /* Sources */,
				96342469256A5399009AE1BA /* Frameworks */,
				9634246A256A5399009AE1BA /* Resources */,
				91B6B313DE5374A4AA41E73F /* [CP] Embed Pods Frameworks */,
			);
			buildRules = (
			);
			dependencies = (
			);
			name = DudeWheresMyKeys;
			productName = DudeWheresMyKeys;
			productReference = 9634246C256A5399009AE1BA /* DudeWheresMyKeys.app */;
			productType = "com.apple.product-type.application";
		};
/* End PBXNativeTarget section */

/* Begin PBXProject section */
		96342464256A5399009AE1BA /* Project object */ = {
			isa = PBXProject;
			attributes = {
				LastSwiftUpdateCheck = 1220;
				LastUpgradeCheck = 1220;
				TargetAttributes = {
					9634246B256A5399009AE1BA = {
						CreatedOnToolsVersion = 12.2;
					};
				};
			};
			buildConfigurationList = 96342467256A5399009AE1BA /* Build configuration list for PBXProject "DudeWheresMyKeys" */;
			compatibilityVersion = "Xcode 9.3";
			developmentRegion = en;
			hasScannedForEncodings = 0;
			knownRegions = (
				en,
				Base,
			);
			mainGroup = 96342463256A5399009AE1BA;
			productRefGroup = 9634246D256A5399009AE1BA /* Products */;
			projectDirPath = "";
			projectRoot = "";
			targets = (
				9634246B256A5399009AE1BA /* DudeWheresMyKeys */,
			);
		};
/* End PBXProject section */

/* Begin PBXResourcesBuildPhase section */
		9634246A256A5399009AE1BA /* Resources */ = {
			isa = PBXResourcesBuildPhase;
			buildActionMask = 2147483647;
			files = (
				9634247C256A539A009AE1BA /* LaunchScreen.storyboard in Resources */,
				96342479256A539A009AE1BA /* Assets.xcassets in Resources */,
				96342477256A5399009AE1BA /* Main.storyboard in Resources */,
			);
			runOnlyForDeploymentPostprocessing = 0;
		};
/* End PBXResourcesBuildPhase section */

/* Begin PBXShellScriptBuildPhase section */
		25AFB1301751920A7BE3FFF9 /* [CP] Check Pods Manifest.lock */ = {
			isa = PBXShellScriptBuildPhase;
			buildActionMask = 2147483647;
			files = (
			);
			inputFileListPaths = (
			);
			inputPaths = (
				"${PODS_PODFILE_DIR_PATH}/Podfile.lock",
				"${PODS_ROOT}/Manifest.lock",
			);
			name = "[CP] Check Pods Manifest.lock";
			outputFileListPaths = (
			);
			outputPaths = (
				"$(DERIVED_FILE_DIR)/Pods-DudeWheresMyKeys-checkManifestLockResult.txt",
			);
			runOnlyForDeploymentPostprocessing = 0;
			shellPath = /bin/sh;
			shellScript = "diff \"${PODS_PODFILE_DIR_PATH}/Podfile.lock\" \"${PODS_ROOT}/Manifest.lock\" > /dev/null\nif [ $? != 0 ] ; then\n    # print error to STDERR\n    echo \"error: The sandbox is not in sync with the Podfile.lock. Run 'pod install' or update your CocoaPods installation.\" >&2\n    exit 1\nfi\n# This output is used by Xcode 'outputs' to avoid re-running this script phase.\necho \"SUCCESS\" > \"${SCRIPT_OUTPUT_FILE_0}\"\n";
			showEnvVarsInLog = 0;
		};
		91B6B313DE5374A4AA41E73F /* [CP] Embed Pods Frameworks */ = {
			isa = PBXShellScriptBuildPhase;
			buildActionMask = 2147483647;
			files = (
			);
			inputFileListPaths = (
				"${PODS_ROOT}/Target Support Files/Pods-DudeWheresMyKeys/Pods-DudeWheresMyKeys-frameworks-${CONFIGURATION}-input-files.xcfilelist",
			);
			name = "[CP] Embed Pods Frameworks";
			outputFileListPaths = (
				"${PODS_ROOT}/Target Support Files/Pods-DudeWheresMyKeys/Pods-DudeWheresMyKeys-frameworks-${CONFIGURATION}-output-files.xcfilelist",
			);
			runOnlyForDeploymentPostprocessing = 0;
			shellPath = /bin/sh;
			shellScript = "\"${PODS_ROOT}/Target Support Files/Pods-DudeWheresMyKeys/Pods-DudeWheresMyKeys-frameworks.sh\"\n";
			showEnvVarsInLog = 0;
		};
/* End PBXShellScriptBuildPhase section */

/* Begin PBXSourcesBuildPhase section */
		96342468256A5399009AE1BA /* Sources */ = {
			isa = PBXSourcesBuildPhase;
			buildActionMask = 2147483647;
			files = (
				96342474256A5399009AE1BA /* ViewController.swift in Sources */,
				96342470256A5399009AE1BA /* AppDelegate.swift in Sources */,
				96342472256A5399009AE1BA /* SceneDelegate.swift in Sources */,
			);
			runOnlyForDeploymentPostprocessing = 0;
		};
/* End PBXSourcesBuildPhase section */

/* Begin PBXVariantGroup section */
		96342475256A5399009AE1BA /* Main.storyboard */ = {
			isa = PBXVariantGroup;
			children = (
				96342476256A5399009AE1BA /* Base */,
			);
			name = Main.storyboard;
			sourceTree = "<group>";
		};
		9634247A256A539A009AE1BA /* LaunchScreen.storyboard */ = {
			isa = PBXVariantGroup;
			children = (
				9634247B256A539A009AE1BA /* Base */,
			);
			name = LaunchScreen.storyboard;
			sourceTree = "<group>";
		};
/* End PBXVariantGroup section */

/* Begin XCBuildConfiguration section */
		9634247E256A539A009AE1BA /* Debug */ = {
			isa = XCBuildConfiguration;
			buildSettings = {
				ALWAYS_SEARCH_USER_PATHS = NO;
				CLANG_ANALYZER_NONNULL = YES;
				CLANG_ANALYZER_NUMBER_OBJECT_CONVERSION = YES_AGGRESSIVE;
				CLANG_CXX_LANGUAGE_STANDARD = "gnu++14";
				CLANG_CXX_LIBRARY = "libc++";
				CLANG_ENABLE_MODULES = YES;
				CLANG_ENABLE_OBJC_ARC = YES;
				CLANG_ENABLE_OBJC_WEAK = YES;
				CLANG_WARN_BLOCK_CAPTURE_AUTORELEASING = YES;
				CLANG_WARN_BOOL_CONVERSION = YES;
				CLANG_WARN_COMMA = YES;
				CLANG_WARN_CONSTANT_CONVERSION = YES;
				CLANG_WARN_DEPRECATED_OBJC_IMPLEMENTATIONS = YES;
				CLANG_WARN_DIRECT_OBJC_ISA_USAGE = YES_ERROR;
				CLANG_WARN_DOCUMENTATION_COMMENTS = YES;
				CLANG_WARN_EMPTY_BODY = YES;
				CLANG_WARN_ENUM_CONVERSION = YES;
				CLANG_WARN_INFINITE_RECURSION = YES;
				CLANG_WARN_INT_CONVERSION = YES;
				CLANG_WARN_NON_LITERAL_NULL_CONVERSION = YES;
				CLANG_WARN_OBJC_IMPLICIT_RETAIN_SELF = YES;
				CLANG_WARN_OBJC_LITERAL_CONVERSION = YES;
				CLANG_WARN_OBJC_ROOT_CLASS = YES_ERROR;
				CLANG_WARN_QUOTED_INCLUDE_IN_FRAMEWORK_HEADER = YES;
				CLANG_WARN_RANGE_LOOP_ANALYSIS = YES;
				CLANG_WARN_STRICT_PROTOTYPES = YES;
				CLANG_WARN_SUSPICIOUS_MOVE = YES;
				CLANG_WARN_UNGUARDED_AVAILABILITY = YES_AGGRESSIVE;
				CLANG_WARN_UNREACHABLE_CODE = YES;
				CLANG_WARN__DUPLICATE_METHOD_MATCH = YES;
				COPY_PHASE_STRIP = NO;
				DEBUG_INFORMATION_FORMAT = dwarf;
				ENABLE_STRICT_OBJC_MSGSEND = YES;
				ENABLE_TESTABILITY = YES;
				GCC_C_LANGUAGE_STANDARD = gnu11;
				GCC_DYNAMIC_NO_PIC = NO;
				GCC_NO_COMMON_BLOCKS = YES;
				GCC_OPTIMIZATION_LEVEL = 0;
				GCC_PREPROCESSOR_DEFINITIONS = (
					"DEBUG=1",
					"$(inherited)",
				);
				GCC_WARN_64_TO_32_BIT_CONVERSION = YES;
				GCC_WARN_ABOUT_RETURN_TYPE = YES_ERROR;
				GCC_WARN_UNDECLARED_SELECTOR = YES;
				GCC_WARN_UNINITIALIZED_AUTOS = YES_AGGRESSIVE;
				GCC_WARN_UNUSED_FUNCTION = YES;
				GCC_WARN_UNUSED_VARIABLE = YES;
				IPHONEOS_DEPLOYMENT_TARGET = 14.1;
				MTL_ENABLE_DEBUG_INFO = INCLUDE_SOURCE;
				MTL_FAST_MATH = YES;
				ONLY_ACTIVE_ARCH = YES;
				SDKROOT = iphoneos;
				SWIFT_ACTIVE_COMPILATION_CONDITIONS = DEBUG;
				SWIFT_OPTIMIZATION_LEVEL = "-Onone";
			};
			name = Debug;
		};
		9634247F256A539A009AE1BA /* Release */ = {
			isa = XCBuildConfiguration;
			buildSettings = {
				ALWAYS_SEARCH_USER_PATHS = NO;
				CLANG_ANALYZER_NONNULL = YES;
				CLANG_ANALYZER_NUMBER_OBJECT_CONVERSION = YES_AGGRESSIVE;
				CLANG_CXX_LANGUAGE_STANDARD = "gnu++14";
				CLANG_CXX_LIBRARY = "libc++";
				CLANG_ENABLE_MODULES = YES;
				CLANG_ENABLE_OBJC_ARC = YES;
				CLANG_ENABLE_OBJC_WEAK = YES;
				CLANG_WARN_BLOCK_CAPTURE_AUTORELEASING = YES;
				CLANG_WARN_BOOL_CONVERSION = YES;
				CLANG_WARN_COMMA = YES;
				CLANG_WARN_CONSTANT_CONVERSION = YES;
				CLANG_WARN_DEPRECATED_OBJC_IMPLEMENTATIONS = YES;
				CLANG_WARN_DIRECT_OBJC_ISA_USAGE = YES_ERROR;
				CLANG_WARN_DOCUMENTATION_COMMENTS = YES;
				CLANG_WARN_EMPTY_BODY = YES;
				CLANG_WARN_ENUM_CONVERSION = YES;
				CLANG_WARN_INFINITE_RECURSION = YES;
				CLANG_WARN_INT_CONVERSION = YES;
				CLANG_WARN_NON_LITERAL_NULL_CONVERSION = YES;
				CLANG_WARN_OBJC_IMPLICIT_RETAIN_SELF = YES;
				CLANG_WARN_OBJC_LITERAL_CONVERSION = YES;
				CLANG_WARN_OBJC_ROOT_CLASS = YES_ERROR;
				CLANG_WARN_QUOTED_INCLUDE_IN_FRAMEWORK_HEADER = YES;
				CLANG_WARN_RANGE_LOOP_ANALYSIS = YES;
				CLANG_WARN_STRICT_PROTOTYPES = YES;
				CLANG_WARN_SUSPICIOUS_MOVE = YES;
				CLANG_WARN_UNGUARDED_AVAILABILITY = YES_AGGRESSIVE;
				CLANG_WARN_UNREACHABLE_CODE = YES;
				CLANG_WARN__DUPLICATE_METHOD_MATCH = YES;
				COPY_PHASE_STRIP = NO;
				DEBUG_INFORMATION_FORMAT = "dwarf-with-dsym";
				ENABLE_NS_ASSERTIONS = NO;
				ENABLE_STRICT_OBJC_MSGSEND = YES;
				GCC_C_LANGUAGE_STANDARD = gnu11;
				GCC_NO_COMMON_BLOCKS = YES;
				GCC_WARN_64_TO_32_BIT_CONVERSION = YES;
				GCC_WARN_ABOUT_RETURN_TYPE = YES_ERROR;
				GCC_WARN_UNDECLARED_SELECTOR = YES;
				GCC_WARN_UNINITIALIZED_AUTOS = YES_AGGRESSIVE;
				GCC_WARN_UNUSED_FUNCTION = YES;
				GCC_WARN_UNUSED_VARIABLE = YES;
				IPHONEOS_DEPLOYMENT_TARGET = 14.1;
				MTL_ENABLE_DEBUG_INFO = NO;
				MTL_FAST_MATH = YES;
				SDKROOT = iphoneos;
				SWIFT_COMPILATION_MODE = wholemodule;
				SWIFT_OPTIMIZATION_LEVEL = "-O";
				VALIDATE_PRODUCT = YES;
			};
			name = Release;
		};
		96342481256A539A009AE1BA /* Debug */ = {
			isa = XCBuildConfiguration;
			baseConfigurationReference = 32DCF5CB456E977FF90E44B8 /* Pods-DudeWheresMyKeys.debug.xcconfig */;
			buildSettings = {
				ASSETCATALOG_COMPILER_APPICON_NAME = AppIcon;
				ASSETCATALOG_COMPILER_GLOBAL_ACCENT_COLOR_NAME = AccentColor;
				CODE_SIGN_STYLE = Automatic;
				DEVELOPMENT_TEAM = UQ5ZHPPBBX;
				INFOPLIST_FILE = DudeWheresMyKeys/Info.plist;
				LD_RUNPATH_SEARCH_PATHS = (
					"$(inherited)",
					"@executable_path/Frameworks",
				);
				PRODUCT_BUNDLE_IDENTIFIER = TheDonC.DudeWheresMyKeys;
				PRODUCT_NAME = "$(TARGET_NAME)";
				SWIFT_VERSION = 5.0;
				TARGETED_DEVICE_FAMILY = "1,2";
			};
			name = Debug;
		};
		96342482256A539A009AE1BA /* Release */ = {
			isa = XCBuildConfiguration;
			baseConfigurationReference = DC489E3C9C2D01AD84DBC863 /* Pods-DudeWheresMyKeys.release.xcconfig */;
			buildSettings = {
				ASSETCATALOG_COMPILER_APPICON_NAME = AppIcon;
				ASSETCATALOG_COMPILER_GLOBAL_ACCENT_COLOR_NAME = AccentColor;
				CODE_SIGN_STYLE = Automatic;
				DEVELOPMENT_TEAM = UQ5ZHPPBBX;
				INFOPLIST_FILE = DudeWheresMyKeys/Info.plist;
				LD_RUNPATH_SEARCH_PATHS = (
					"$(inherited)",
					"@executable_path/Frameworks",
				);
				PRODUCT_BUNDLE_IDENTIFIER = TheDonC.DudeWheresMyKeys;
				PRODUCT_NAME = "$(TARGET_NAME)";
				SWIFT_VERSION = 5.0;
				TARGETED_DEVICE_FAMILY = "1,2";
			};
			name = Release;
		};
/* End XCBuildConfiguration section */

/* Begin XCConfigurationList section */
		96342467256A5399009AE1BA /* Build configuration list for PBXProject "DudeWheresMyKeys" */ = {
			isa = XCConfigurationList;
			buildConfigurations = (
				9634247E256A539A009AE1BA /* Debug */,
				9634247F256A539A009AE1BA /* Release */,
			);
			defaultConfigurationIsVisible = 0;
			defaultConfigurationName = Release;
		};
		96342480256A539A009AE1BA /* Build configuration list for PBXNativeTarget "DudeWheresMyKeys" */ = {
			isa = XCConfigurationList;
			buildConfigurations = (
				96342481256A539A009AE1BA /* Debug */,
				96342482256A539A009AE1BA /* Release */,
			);
			defaultConfigurationIsVisible = 0;
			defaultConfigurationName = Release;
		};
/* End XCConfigurationList section */
	};
	rootObject = 96342464256A5399009AE1BA /* Project object */;
}
